
Microsoft Visual Studio Solution File, Format Version 12.00
# Visual Studio Version 17
VisualStudioVersion = 17.10.34928.147
MinimumVisualStudioVersion = 10.0.40219.1
Project("{9A19103F-16F7-4668-BE54-9A1E7A4F7556}") = "1LrLib", "Библия_56вар\1LrLib.csproj", "{D8B5FDDE-95E6-4331-A485-121B18AC1541}"
EndProject
Project("{2150E333-8FDC-42A3-9474-1A3956D46DE8}") = ".github", ".github", "{8F4FECDF-22E0-47D7-AF68-7AD3206510EC}"
EndProject
Project("{2150E333-8FDC-42A3-9474-1A3956D46DE8}") = "workflows", "workflows", "{E8E3A883-5C68-481D-8E94-36CFFE5EEB60}"
	ProjectSection(SolutionItems) = preProject
		.github\workflows\Actions_RunTests.yaml = .github\workflows\Actions_RunTests.yaml
	EndProjectSection
EndProject
Project("{9A19103F-16F7-4668-BE54-9A1E7A4F7556}") = "1LrTests", "Тесты_56вар\1LrTests.csproj", "{BA8F8B1E-18D9-4FF6-9334-F43941A9E12F}"
EndProject
Global
	GlobalSection(SolutionConfigurationPlatforms) = preSolution
		Debug|Any CPU = Debug|Any CPU
		Release|Any CPU = Release|Any CPU
	EndGlobalSection
	GlobalSection(ProjectConfigurationPlatforms) = postSolution
		{D8B5FDDE-95E6-4331-A485-121B18AC1541}.Debug|Any CPU.ActiveCfg = Debug|Any CPU
		{D8B5FDDE-95E6-4331-A485-121B18AC1541}.Debug|Any CPU.Build.0 = Debug|Any CPU
		{D8B5FDDE-95E6-4331-A485-121B18AC1541}.Release|Any CPU.ActiveCfg = Release|Any CPU
		{D8B5FDDE-95E6-4331-A485-121B18AC1541}.Release|Any CPU.Build.0 = Release|Any CPU
		{BA8F8B1E-18D9-4FF6-9334-F43941A9E12F}.Debug|Any CPU.ActiveCfg = Debug|Any CPU
		{BA8F8B1E-18D9-4FF6-9334-F43941A9E12F}.Debug|Any CPU.Build.0 = Debug|Any CPU
		{BA8F8B1E-18D9-4FF6-9334-F43941A9E12F}.Release|Any CPU.ActiveCfg = Release|Any CPU
		{BA8F8B1E-18D9-4FF6-9334-F43941A9E12F}.Release|Any CPU.Build.0 = Release|Any CPU
	EndGlobalSection
	GlobalSection(SolutionProperties) = preSolution
		HideSolutionNode = FALSE
	EndGlobalSection
	GlobalSection(NestedProjects) = preSolution
		{E8E3A883-5C68-481D-8E94-36CFFE5EEB60} = {8F4FECDF-22E0-47D7-AF68-7AD3206510EC}
	EndGlobalSection
	GlobalSection(ExtensibilityGlobals) = postSolution
		SolutionGuid = {CC79E59C-DF0E-4042-AE4B-520947EC86F0}
	EndGlobalSection
EndGlobal
